# generated by rye
# use `rye lock` or `rye sync` to update this lockfile
#
# last locked with the following flags:
#   pre: false
#   features: []
#   all-features: false
#   with-sources: false
#   generate-hashes: false

-e file:.
blinker==1.8.2
    # via flask
build==1.2.1
click==8.1.7
    # via flask
flask==3.0.3
    # via docker-launcher-healthcheck-example
importlib-metadata==8.2.0
    # via build
    # via flask
itsdangerous==2.2.0
    # via flask
jinja2==3.1.4
    # via flask
markupsafe==2.1.5
    # via jinja2
    # via werkzeug
packaging==24.1
    # via build
pyproject-hooks==1.1.0
    # via build
tomli==2.0.1
    # via build
werkzeug==3.0.3
    # via flask
zipp==3.20.0
    # via importlib-metadata
